# THIS IS AN AUTOGENERATED FILE. DO NOT EDIT THIS FILE DIRECTLY.
# yarn lockfile v1


"@types/lodash@3.10.1":
  version "3.10.1"
  resolved "https://registry.npm.taobao.org/@types/lodash/download/@types/lodash-3.10.1.tgz#ef8c8c35649f07884e0fb7763b24baaf7e175c36"
  integrity sha1-74yMNWSfB4hOD7d2OyS6r34XXDY=

"@types/screeps@^3.1.2":
  version "3.1.2"
  resolved "https://registry.npm.taobao.org/@types/screeps/download/@types/screeps-3.1.2.tgz#860722dccd83aeb56413a130aebbc11842affeab"
  integrity sha1-hgci3M2DrrVkE6EwrrvBGEKv/qs=
